{
  "name": "peerjs-server",
  "version": "1.0.0",
  "lockfileVersion": 2,
  "requires": true,
  "packages": {
    "": {
      "name": "peerjs-server",
      "version": "1.0.0",
      "dependencies": {
        "peer": "^0.6.1"
      }
    },
    "node_modules/peer": {
      "version": "0.6.1",
      "resolved": "https://registry.npmjs.org/peer/-/peer-0.6.1.tgz",
      "integrity": "sha512-6l/zX/etK7F2sUss5B73vEw3vV7lNk5QNp6h1ru/1a9xrPvKdjVbZ8puUTtqFkLfzSZPwK5yCkK3GcS5H7qLq9g==",
      "bin": {
        "peerjs": "bin/peerjs"
      }
    }
  },
  "dependencies": {
    "peer": {
      "version": "0.6.1",
      "resolved": "https://registry.npmjs.org/peer/-/peer-0.6.1.tgz",
      "integrity": "sha512-6l/zX/etK7F2sUss5B73vEw3vV7lNk5QNp6h1ru/1a9xrPvKdjVbZ8puUTtqFkLfzSZPwK5yCkK3GcS5H7qLq9g=="
    }
  }
}